{
  "nodes": {
    "amber": {
      "inputs": {
        "nixpkgs": [
          "nixpkgs"
        ]
      },
      "locked": {
        "lastModified": 1743827651,
        "narHash": "sha256-DG41EG46WfPB1p1ExVfsOlR2qDEu2E/wdfrw9HXNlDM=",
        "owner": "jbellerb",
        "repo": "amber",
        "rev": "5dac082d840657fd8c92cd4f46f6d8983852d9a8",
        "type": "github"
      },
      "original": {
        "owner": "jbellerb",
        "repo": "amber",
        "type": "github"
      }
    },
    "nixpkgs": {
      "locked": {
        "lastModified": 1713537308,
        "narHash": "sha256-XtTSSIB2DA6tOv+l0FhvfDMiyCmhoRbNB+0SeInZkbk=",
        "owner": "nixos",
        "repo": "nixpkgs",
        "rev": "5c24cf2f0a12ad855f444c30b2421d044120c66f",
        "type": "github"
      },
      "original": {
        "owner": "nixos",
        "ref": "nixos-unstable",
        "repo": "nixpkgs",
        "type": "github"
      }
    },
    "root": {
      "inputs": {
        "amber": "amber",
        "nixpkgs": "nixpkgs"
      }
    }
  },
  "root": "root",
  "version": 7
}
